{
  "name": "clickhouse_tests",
  "version": "1.0.0",
  "lockfileVersion": 3,
  "requires": true,
  "packages": {
    "": {
      "name": "clickhouse_tests",
      "version": "1.0.0",
      "license": "ISC",
      "dependencies": {
        "@clickhouse/client": "^1.2.0",
        "@faker-js/faker": "^8.4.1"
      }
    },
    "node_modules/@clickhouse/client": {
      "version": "1.2.0",
      "resolved": "https://registry.npmjs.org/@clickhouse/client/-/client-1.2.0.tgz",
      "integrity": "sha512-zMp2EhMfp1IrFKr/NjDwNiLsf7nq68nW8lGKszwFe7Iglc6Z5PY9ZA9Hd0XqAk75Q1NmFrkGCP1r3JCM1Nm1Bw==",
      "dependencies": {
        "@clickhouse/client-common": "1.2.0"
      },
      "engines": {
        "node": ">=16"
      }
    },
    "node_modules/@clickhouse/client-common": {
      "version": "1.2.0",
      "resolved": "https://registry.npmjs.org/@clickhouse/client-common/-/client-common-1.2.0.tgz",
      "integrity": "sha512-VfA/C/tVJ2eNe72CaQ7eXmai+yqFEvZjQZiNtvJoOMLP+Vtb6DzqH9nfkgsiHHMhUhhclvt2mFh6+euk1Ea5wA=="
    },
    "node_modules/@faker-js/faker": {
      "version": "8.4.1",
      "resolved": "https://registry.npmjs.org/@faker-js/faker/-/faker-8.4.1.tgz",
      "integrity": "sha512-XQ3cU+Q8Uqmrbf2e0cIC/QN43sTBSC8KF12u29Mb47tWrt2hAgBXSgpZMj4Ao8Uk0iJcU99QsOCaIL8934obCg==",
      "funding": [
        {
          "type": "opencollective",
          "url": "https://opencollective.com/fakerjs"
        }
      ],
      "engines": {
        "node": "^14.17.0 || ^16.13.0 || >=18.0.0",
        "npm": ">=6.14.13"
      }
    }
  }
}
